// !$*UTF8*$!
{
	archiveVersion = 1;
	classes = {
	};
	objectVersion = 46;
	objects = {

/* Begin PBXBuildFile section */
		605FDFF3B98B41D2A18C0261 /* libPods.a in Frameworks */ = {isa = PBXBuildFile; fileRef = D485F6C769694FB18C17FC31 /* libPods.a */; };
		BC07F87F19D6570400CB72F0 /* Topic.swift in Sources */ = {isa = PBXBuildFile; fileRef = BC07F87E19D6570400CB72F0 /* Topic.swift */; };
		BC10230319D1C13400C68F93 /* AppDelegate.swift in Sources */ = {isa = PBXBuildFile; fileRef = BC10230219D1C13400C68F93 /* AppDelegate.swift */; };
		BC10230A19D1C13400C68F93 /* Images.xcassets in Resources */ = {isa = PBXBuildFile; fileRef = BC10230919D1C13400C68F93 /* Images.xcassets */; };
		BC10230D19D1C13400C68F93 /* LaunchScreen.xib in Resources */ = {isa = PBXBuildFile; fileRef = BC10230B19D1C13400C68F93 /* LaunchScreen.xib */; };
		BC1CB21619D3B29E00D3ADBD /* CommentListViewController.swift in Sources */ = {isa = PBXBuildFile; fileRef = BC1CB21419D3B29E00D3ADBD /* CommentListViewController.swift */; };
		BC1CB21719D3B29E00D3ADBD /* CommentListViewController.xib in Resources */ = {isa = PBXBuildFile; fileRef = BC1CB21519D3B29E00D3ADBD /* CommentListViewController.xib */; };
		BC1ED03319D27743007DA5EA /* ApplicationController.swift in Sources */ = {isa = PBXBuildFile; fileRef = BC1ED03219D27743007DA5EA /* ApplicationController.swift */; };
		BC1ED03519D2778B007DA5EA /* TopicNaviController.swift in Sources */ = {isa = PBXBuildFile; fileRef = BC1ED03419D2778B007DA5EA /* TopicNaviController.swift */; };
		BC1ED03819D278D0007DA5EA /* TopicTableViewController.swift in Sources */ = {isa = PBXBuildFile; fileRef = BC1ED03619D278D0007DA5EA /* TopicTableViewController.swift */; };
		BC1ED03919D278D0007DA5EA /* TopicTableViewController.xib in Resources */ = {isa = PBXBuildFile; fileRef = BC1ED03719D278D0007DA5EA /* TopicTableViewController.xib */; };
		BC1ED03D19D2B88D007DA5EA /* TopicCell.swift in Sources */ = {isa = PBXBuildFile; fileRef = BC1ED03B19D2B88D007DA5EA /* TopicCell.swift */; };
		BC1ED03E19D2B88D007DA5EA /* TopicCell.xib in Resources */ = {isa = PBXBuildFile; fileRef = BC1ED03C19D2B88D007DA5EA /* TopicCell.xib */; };
		BC28317619E0416100D0573B /* JobNaviController.swift in Sources */ = {isa = PBXBuildFile; fileRef = BC28317519E0416100D0573B /* JobNaviController.swift */; };
		BC28317D19E0475800D0573B /* JobTableViewController.swift in Sources */ = {isa = PBXBuildFile; fileRef = BC28317B19E0475800D0573B /* JobTableViewController.swift */; };
		BC28317E19E0475800D0573B /* JobTableViewController.xib in Resources */ = {isa = PBXBuildFile; fileRef = BC28317C19E0475800D0573B /* JobTableViewController.xib */; };
		BC28318019E04E7800D0573B /* Job.swift in Sources */ = {isa = PBXBuildFile; fileRef = BC28317F19E04E7800D0573B /* Job.swift */; };
		BC28318419E0E55F00D0573B /* Default-568h@2x.png in Resources */ = {isa = PBXBuildFile; fileRef = BC28318319E0E55F00D0573B /* Default-568h@2x.png */; };
		BC5478ED19D3CC8000C8AEF7 /* TopicHeaderCell.swift in Sources */ = {isa = PBXBuildFile; fileRef = BC5478EB19D3CC8000C8AEF7 /* TopicHeaderCell.swift */; };
		BC5478EE19D3CC8000C8AEF7 /* TopicHeaderCell.xib in Resources */ = {isa = PBXBuildFile; fileRef = BC5478EC19D3CC8000C8AEF7 /* TopicHeaderCell.xib */; };
		BC8D457319F6A48E00A518C3 /* Helper.swift in Sources */ = {isa = PBXBuildFile; fileRef = BC8D457219F6A48E00A518C3 /* Helper.swift */; };
		BC95B2F819D6692D009E0C5B /* ActiveRecord.swift in Sources */ = {isa = PBXBuildFile; fileRef = BC95B2F719D6692D009E0C5B /* ActiveRecord.swift */; };
		BC95B2FA19D69FAE009E0C5B /* Comment.swift in Sources */ = {isa = PBXBuildFile; fileRef = BC95B2F919D69FAE009E0C5B /* Comment.swift */; };
		BCE0ACEB19D3EBD3002094AA /* CommentCell.swift in Sources */ = {isa = PBXBuildFile; fileRef = BCE0ACE919D3EBD3002094AA /* CommentCell.swift */; };
		BCE0ACEC19D3EBD3002094AA /* CommentCell.xib in Resources */ = {isa = PBXBuildFile; fileRef = BCE0ACEA19D3EBD3002094AA /* CommentCell.xib */; };
/* End PBXBuildFile section */

/* Begin PBXFileReference section */
		54400DDA45334D7497C11AC8 /* libPods-BBSOfRubyTests.a */ = {isa = PBXFileReference; explicitFileType = archive.ar; includeInIndex = 0; path = "libPods-BBSOfRubyTests.a"; sourceTree = BUILT_PRODUCTS_DIR; };
		6273296468415625D471ED4A /* Pods.debug.xcconfig */ = {isa = PBXFileReference; includeInIndex = 1; lastKnownFileType = text.xcconfig; name = Pods.debug.xcconfig; path = "Pods/Target Support Files/Pods/Pods.debug.xcconfig"; sourceTree = "<group>"; };
		BC07F87E19D6570400CB72F0 /* Topic.swift */ = {isa = PBXFileReference; fileEncoding = 4; lastKnownFileType = sourcecode.swift; path = Topic.swift; sourceTree = "<group>"; };
		BC1022FD19D1C13400C68F93 /* BBSOfRuby.app */ = {isa = PBXFileReference; explicitFileType = wrapper.application; includeInIndex = 0; path = BBSOfRuby.app; sourceTree = BUILT_PRODUCTS_DIR; };
		BC10230119D1C13400C68F93 /* Info.plist */ = {isa = PBXFileReference; lastKnownFileType = text.plist.xml; path = Info.plist; sourceTree = "<group>"; };
		BC10230219D1C13400C68F93 /* AppDelegate.swift */ = {isa = PBXFileReference; lastKnownFileType = sourcecode.swift; path = AppDelegate.swift; sourceTree = "<group>"; };
		BC10230919D1C13400C68F93 /* Images.xcassets */ = {isa = PBXFileReference; lastKnownFileType = folder.assetcatalog; path = Images.xcassets; sourceTree = "<group>"; };
		BC10230C19D1C13400C68F93 /* Base */ = {isa = PBXFileReference; lastKnownFileType = file.xib; name = Base; path = Base.lproj/LaunchScreen.xib; sourceTree = "<group>"; };
		BC1CB21419D3B29E00D3ADBD /* CommentListViewController.swift */ = {isa = PBXFileReference; fileEncoding = 4; lastKnownFileType = sourcecode.swift; path = CommentListViewController.swift; sourceTree = "<group>"; };
		BC1CB21519D3B29E00D3ADBD /* CommentListViewController.xib */ = {isa = PBXFileReference; fileEncoding = 4; lastKnownFileType = file.xib; path = CommentListViewController.xib; sourceTree = "<group>"; };
		BC1ED03219D27743007DA5EA /* ApplicationController.swift */ = {isa = PBXFileReference; fileEncoding = 4; lastKnownFileType = sourcecode.swift; path = ApplicationController.swift; sourceTree = "<group>"; };
		BC1ED03419D2778B007DA5EA /* TopicNaviController.swift */ = {isa = PBXFileReference; fileEncoding = 4; lastKnownFileType = sourcecode.swift; path = TopicNaviController.swift; sourceTree = "<group>"; };
		BC1ED03619D278D0007DA5EA /* TopicTableViewController.swift */ = {isa = PBXFileReference; fileEncoding = 4; lastKnownFileType = sourcecode.swift; path = TopicTableViewController.swift; sourceTree = "<group>"; };
		BC1ED03719D278D0007DA5EA /* TopicTableViewController.xib */ = {isa = PBXFileReference; fileEncoding = 4; lastKnownFileType = file.xib; path = TopicTableViewController.xib; sourceTree = "<group>"; };
		BC1ED03B19D2B88D007DA5EA /* TopicCell.swift */ = {isa = PBXFileReference; fileEncoding = 4; lastKnownFileType = sourcecode.swift; path = TopicCell.swift; sourceTree = "<group>"; };
		BC1ED03C19D2B88D007DA5EA /* TopicCell.xib */ = {isa = PBXFileReference; fileEncoding = 4; lastKnownFileType = file.xib; path = TopicCell.xib; sourceTree = "<group>"; };
		BC1ED04319D2CF4E007DA5EA /* app-Bridging-headers.h */ = {isa = PBXFileReference; fileEncoding = 4; lastKnownFileType = sourcecode.c.h; path = "app-Bridging-headers.h"; sourceTree = "<group>"; };
		BC25715219E17D61006D7D21 /* MyPlayground.playground */ = {isa = PBXFileReference; lastKnownFileType = file.playground; path = MyPlayground.playground; sourceTree = "<group>"; };
		BC28317519E0416100D0573B /* JobNaviController.swift */ = {isa = PBXFileReference; fileEncoding = 4; lastKnownFileType = sourcecode.swift; path = JobNaviController.swift; sourceTree = "<group>"; };
		BC28317B19E0475800D0573B /* JobTableViewController.swift */ = {isa = PBXFileReference; fileEncoding = 4; lastKnownFileType = sourcecode.swift; path = JobTableViewController.swift; sourceTree = "<group>"; };
		BC28317C19E0475800D0573B /* JobTableViewController.xib */ = {isa = PBXFileReference; fileEncoding = 4; lastKnownFileType = file.xib; path = JobTableViewController.xib; sourceTree = "<group>"; };
		BC28317F19E04E7800D0573B /* Job.swift */ = {isa = PBXFileReference; fileEncoding = 4; lastKnownFileType = sourcecode.swift; path = Job.swift; sourceTree = "<group>"; };
		BC28318319E0E55F00D0573B /* Default-568h@2x.png */ = {isa = PBXFileReference; lastKnownFileType = image.png; path = "Default-568h@2x.png"; sourceTree = "<group>"; };
		BC5478EB19D3CC8000C8AEF7 /* TopicHeaderCell.swift */ = {isa = PBXFileReference; fileEncoding = 4; lastKnownFileType = sourcecode.swift; path = TopicHeaderCell.swift; sourceTree = "<group>"; };
		BC5478EC19D3CC8000C8AEF7 /* TopicHeaderCell.xib */ = {isa = PBXFileReference; fileEncoding = 4; lastKnownFileType = file.xib; path = TopicHeaderCell.xib; sourceTree = "<group>"; };
		BC8D457219F6A48E00A518C3 /* Helper.swift */ = {isa = PBXFileReference; fileEncoding = 4; lastKnownFileType = sourcecode.swift; path = Helper.swift; sourceTree = "<group>"; };
		BC95B2F719D6692D009E0C5B /* ActiveRecord.swift */ = {isa = PBXFileReference; fileEncoding = 4; lastKnownFileType = sourcecode.swift; path = ActiveRecord.swift; sourceTree = "<group>"; };
		BC95B2F919D69FAE009E0C5B /* Comment.swift */ = {isa = PBXFileReference; fileEncoding = 4; lastKnownFileType = sourcecode.swift; path = Comment.swift; sourceTree = "<group>"; };
		BCE0ACE919D3EBD3002094AA /* CommentCell.swift */ = {isa = PBXFileReference; fileEncoding = 4; lastKnownFileType = sourcecode.swift; path = CommentCell.swift; sourceTree = "<group>"; };
		BCE0ACEA19D3EBD3002094AA /* CommentCell.xib */ = {isa = PBXFileReference; fileEncoding = 4; lastKnownFileType = file.xib; path = CommentCell.xib; sourceTree = "<group>"; };
		CF9D14193FF0032A2A04B6F0 /* Pods.release.xcconfig */ = {isa = PBXFileReference; includeInIndex = 1; lastKnownFileType = text.xcconfig; name = Pods.release.xcconfig; path = "Pods/Target Support Files/Pods/Pods.release.xcconfig"; sourceTree = "<group>"; };
		D485F6C769694FB18C17FC31 /* libPods.a */ = {isa = PBXFileReference; explicitFileType = archive.ar; includeInIndex = 0; path = libPods.a; sourceTree = BUILT_PRODUCTS_DIR; };
/* End PBXFileReference section */

/* Begin PBXFrameworksBuildPhase section */
		BC1022FA19D1C13400C68F93 /* Frameworks */ = {
			isa = PBXFrameworksBuildPhase;
			buildActionMask = 2147483647;
			files = (
				605FDFF3B98B41D2A18C0261 /* libPods.a in Frameworks */,
			);
			runOnlyForDeploymentPostprocessing = 0;
		};
/* End PBXFrameworksBuildPhase section */

/* Begin PBXGroup section */
		BC07F87D19D656E000CB72F0 /* models */ = {
			isa = PBXGroup;
			children = (
				BC07F87E19D6570400CB72F0 /* Topic.swift */,
				BC95B2F719D6692D009E0C5B /* ActiveRecord.swift */,
				BC95B2F919D69FAE009E0C5B /* Comment.swift */,
				BC28317F19E04E7800D0573B /* Job.swift */,
				BC8D457219F6A48E00A518C3 /* Helper.swift */,
			);
			name = models;
			sourceTree = "<group>";
		};
		BC1022F419D1C13400C68F93 = {
			isa = PBXGroup;
			children = (
				BC1022FF19D1C13400C68F93 /* BBSOfRuby */,
				BC1022FE19D1C13400C68F93 /* Products */,
				E8EB74B0C2A445EB8A872629 /* Frameworks */,
				E67B2EE3829371CC0C4DFE03 /* Pods */,
			);
			sourceTree = "<group>";
		};
		BC1022FE19D1C13400C68F93 /* Products */ = {
			isa = PBXGroup;
			children = (
				BC1022FD19D1C13400C68F93 /* BBSOfRuby.app */,
			);
			name = Products;
			sourceTree = "<group>";
		};
		BC1022FF19D1C13400C68F93 /* BBSOfRuby */ = {
			isa = PBXGroup;
			children = (
				BC07F87D19D656E000CB72F0 /* models */,
				BC1ED03A19D2B85D007DA5EA /* views */,
				BC1ECFFA19D26560007DA5EA /* controllers */,
				BC10230219D1C13400C68F93 /* AppDelegate.swift */,
				BC10230919D1C13400C68F93 /* Images.xcassets */,
				BC10230B19D1C13400C68F93 /* LaunchScreen.xib */,
				BC1ECFF919D26542007DA5EA /* resources */,
				BC10230019D1C13400C68F93 /* Supporting Files */,
				BC1ED04319D2CF4E007DA5EA /* app-Bridging-headers.h */,
				BC25715219E17D61006D7D21 /* MyPlayground.playground */,
			);
			path = BBSOfRuby;
			sourceTree = "<group>";
		};
		BC10230019D1C13400C68F93 /* Supporting Files */ = {
			isa = PBXGroup;
			children = (
				BC10230119D1C13400C68F93 /* Info.plist */,
			);
			name = "Supporting Files";
			sourceTree = "<group>";
		};
		BC1ECFF919D26542007DA5EA /* resources */ = {
			isa = PBXGroup;
			children = (
				BC28318319E0E55F00D0573B /* Default-568h@2x.png */,
			);
			name = resources;
			sourceTree = "<group>";
		};
		BC1ECFFA19D26560007DA5EA /* controllers */ = {
			isa = PBXGroup;
			children = (
				BC28317419E0411700D0573B /* jobs */,
				BC1ED02F19D26D30007DA5EA /* topics */,
				BC1ED03219D27743007DA5EA /* ApplicationController.swift */,
			);
			name = controllers;
			sourceTree = "<group>";
		};
		BC1ED02F19D26D30007DA5EA /* topics */ = {
			isa = PBXGroup;
			children = (
				BC1ED03419D2778B007DA5EA /* TopicNaviController.swift */,
				BC1ED03619D278D0007DA5EA /* TopicTableViewController.swift */,
				BC1ED03719D278D0007DA5EA /* TopicTableViewController.xib */,
				BC1CB21419D3B29E00D3ADBD /* CommentListViewController.swift */,
				BC1CB21519D3B29E00D3ADBD /* CommentListViewController.xib */,
			);
			name = topics;
			sourceTree = "<group>";
		};
		BC1ED03A19D2B85D007DA5EA /* views */ = {
			isa = PBXGroup;
			children = (
				BC1ED03B19D2B88D007DA5EA /* TopicCell.swift */,
				BC1ED03C19D2B88D007DA5EA /* TopicCell.xib */,
				BC5478EB19D3CC8000C8AEF7 /* TopicHeaderCell.swift */,
				BC5478EC19D3CC8000C8AEF7 /* TopicHeaderCell.xib */,
				BCE0ACE919D3EBD3002094AA /* CommentCell.swift */,
				BCE0ACEA19D3EBD3002094AA /* CommentCell.xib */,
			);
			name = views;
			sourceTree = "<group>";
		};
		BC28317419E0411700D0573B /* jobs */ = {
			isa = PBXGroup;
			children = (
				BC28317519E0416100D0573B /* JobNaviController.swift */,
				BC28317B19E0475800D0573B /* JobTableViewController.swift */,
				BC28317C19E0475800D0573B /* JobTableViewController.xib */,
			);
			name = jobs;
			sourceTree = "<group>";
		};
		E67B2EE3829371CC0C4DFE03 /* Pods */ = {
			isa = PBXGroup;
			children = (
				6273296468415625D471ED4A /* Pods.debug.xcconfig */,
				CF9D14193FF0032A2A04B6F0 /* Pods.release.xcconfig */,
			);
			name = Pods;
			sourceTree = "<group>";
		};
		E8EB74B0C2A445EB8A872629 /* Frameworks */ = {
			isa = PBXGroup;
			children = (
				D485F6C769694FB18C17FC31 /* libPods.a */,
				54400DDA45334D7497C11AC8 /* libPods-BBSOfRubyTests.a */,
			);
			name = Frameworks;
			sourceTree = "<group>";
		};
/* End PBXGroup section */

/* Begin PBXNativeTarget section */
		BC1022FC19D1C13400C68F93 /* BBSOfRuby */ = {
			isa = PBXNativeTarget;
			buildConfigurationList = BC10231C19D1C13400C68F93 /* Build configuration list for PBXNativeTarget "BBSOfRuby" */;
			buildPhases = (
				F572E1461DA44CA4BB59A597 /* Check Pods Manifest.lock */,
				BC1022F919D1C13400C68F93 /* Sources */,
				BC1022FA19D1C13400C68F93 /* Frameworks */,
				BC1022FB19D1C13400C68F93 /* Resources */,
				70FDC95CAC8A43D2A266D9DB /* Copy Pods Resources */,
			);
			buildRules = (
			);
			dependencies = (
			);
			name = BBSOfRuby;
			productName = BBSOfRuby;
			productReference = BC1022FD19D1C13400C68F93 /* BBSOfRuby.app */;
			productType = "com.apple.product-type.application";
		};
/* End PBXNativeTarget section */

/* Begin PBXProject section */
		BC1022F519D1C13400C68F93 /* Project object */ = {
			isa = PBXProject;
			attributes = {
				LastUpgradeCheck = 0600;
				ORGANIZATIONNAME = gxw;
				TargetAttributes = {
					BC1022FC19D1C13400C68F93 = {
						CreatedOnToolsVersion = 6.0;
						DevelopmentTeam = 5A5VHB7889;
					};
				};
			};
			buildConfigurationList = BC1022F819D1C13400C68F93 /* Build configuration list for PBXProject "BBSOfRuby" */;
			compatibilityVersion = "Xcode 3.2";
			developmentRegion = English;
			hasScannedForEncodings = 0;
			knownRegions = (
				en,
				Base,
			);
			mainGroup = BC1022F419D1C13400C68F93;
			productRefGroup = BC1022FE19D1C13400C68F93 /* Products */;
			projectDirPath = "";
			projectRoot = "";
			targets = (
				BC1022FC19D1C13400C68F93 /* BBSOfRuby */,
			);
		};
/* End PBXProject section */

/* Begin PBXResourcesBuildPhase section */
		BC1022FB19D1C13400C68F93 /* Resources */ = {
			isa = PBXResourcesBuildPhase;
			buildActionMask = 2147483647;
			files = (
				BC10230D19D1C13400C68F93 /* LaunchScreen.xib in Resources */,
				BC5478EE19D3CC8000C8AEF7 /* TopicHeaderCell.xib in Resources */,
				BC28318419E0E55F00D0573B /* Default-568h@2x.png in Resources */,
				BCE0ACEC19D3EBD3002094AA /* CommentCell.xib in Resources */,
				BC1CB21719D3B29E00D3ADBD /* CommentListViewController.xib in Resources */,
				BC1ED03E19D2B88D007DA5EA /* TopicCell.xib in Resources */,
				BC10230A19D1C13400C68F93 /* Images.xcassets in Resources */,
				BC28317E19E0475800D0573B /* JobTableViewController.xib in Resources */,
				BC1ED03919D278D0007DA5EA /* TopicTableViewController.xib in Resources */,
			);
			runOnlyForDeploymentPostprocessing = 0;
		};
/* End PBXResourcesBuildPhase section */

/* Begin PBXShellScriptBuildPhase section */
		70FDC95CAC8A43D2A266D9DB /* Copy Pods Resources */ = {
			isa = PBXShellScriptBuildPhase;
			buildActionMask = 2147483647;
			files = (
			);
			inputPaths = (
			);
			name = "Copy Pods Resources";
			outputPaths = (
			);
			runOnlyForDeploymentPostprocessing = 0;
			shellPath = /bin/sh;
			shellScript = "\"${SRCROOT}/Pods/Target Support Files/Pods/Pods-resources.sh\"\n";
			showEnvVarsInLog = 0;
		};
		F572E1461DA44CA4BB59A597 /* Check Pods Manifest.lock */ = {
			isa = PBXShellScriptBuildPhase;
			buildActionMask = 2147483647;
			files = (
			);
			inputPaths = (
			);
			name = "Check Pods Manifest.lock";
			outputPaths = (
			);
			runOnlyForDeploymentPostprocessing = 0;
			shellPath = /bin/sh;
			shellScript = "diff \"${PODS_ROOT}/../Podfile.lock\" \"${PODS_ROOT}/Manifest.lock\" > /dev/null\nif [[ $? != 0 ]] ; then\n    cat << EOM\nerror: The sandbox is not in sync with the Podfile.lock. Run 'pod install' or update your CocoaPods installation.\nEOM\n    exit 1\nfi\n";
			showEnvVarsInLog = 0;
		};
/* End PBXShellScriptBuildPhase section */

/* Begin PBXSourcesBuildPhase section */
		BC1022F919D1C13400C68F93 /* Sources */ = {
			isa = PBXSourcesBuildPhase;
			buildActionMask = 2147483647;
			files = (
				BC1ED03319D27743007DA5EA /* ApplicationController.swift in Sources */,
				BC07F87F19D6570400CB72F0 /* Topic.swift in Sources */,
				BC8D457319F6A48E00A518C3 /* Helper.swift in Sources */,
				BC10230319D1C13400C68F93 /* AppDelegate.swift in Sources */,
				BC28317D19E0475800D0573B /* JobTableViewController.swift in Sources */,
				BC1ED03519D2778B007DA5EA /* TopicNaviController.swift in Sources */,
				BC28318019E04E7800D0573B /* Job.swift in Sources */,
				BC95B2F819D6692D009E0C5B /* ActiveRecord.swift in Sources */,
				BC1ED03D19D2B88D007DA5EA /* TopicCell.swift in Sources */,
				BC1CB21619D3B29E00D3ADBD /* CommentListViewController.swift in Sources */,
				BC28317619E0416100D0573B /* JobNaviController.swift in Sources */,
				BC5478ED19D3CC8000C8AEF7 /* TopicHeaderCell.swift in Sources */,
				BC1ED03819D278D0007DA5EA /* TopicTableViewController.swift in Sources */,
				BC95B2FA19D69FAE009E0C5B /* Comment.swift in Sources */,
				BCE0ACEB19D3EBD3002094AA /* CommentCell.swift in Sources */,
			);
			runOnlyForDeploymentPostprocessing = 0;
		};
/* End PBXSourcesBuildPhase section */

/* Begin PBXVariantGroup section */
		BC10230B19D1C13400C68F93 /* LaunchScreen.xib */ = {
			isa = PBXVariantGroup;
			children = (
				BC10230C19D1C13400C68F93 /* Base */,
			);
			name = LaunchScreen.xib;
			sourceTree = "<group>";
		};
/* End PBXVariantGroup section */

/* Begin XCBuildConfiguration section */
		BC10231A19D1C13400C68F93 /* Debug */ = {
			isa = XCBuildConfiguration;
			buildSettings = {
				ALWAYS_SEARCH_USER_PATHS = NO;
				CLANG_CXX_LANGUAGE_STANDARD = "gnu++0x";
				CLANG_CXX_LIBRARY = "libc++";
				CLANG_ENABLE_MODULES = YES;
				CLANG_ENABLE_OBJC_ARC = YES;
				CLANG_WARN_BOOL_CONVERSION = YES;
				CLANG_WARN_CONSTANT_CONVERSION = YES;
				CLANG_WARN_DIRECT_OBJC_ISA_USAGE = YES_ERROR;
				CLANG_WARN_EMPTY_BODY = YES;
				CLANG_WARN_ENUM_CONVERSION = YES;
				CLANG_WARN_INT_CONVERSION = YES;
				CLANG_WARN_OBJC_ROOT_CLASS = YES_ERROR;
				CLANG_WARN_UNREACHABLE_CODE = YES;
				CLANG_WARN__DUPLICATE_METHOD_MATCH = YES;
				"CODE_SIGN_IDENTITY[sdk=iphoneos*]" = "iPhone Developer";
				COPY_PHASE_STRIP = NO;
				ENABLE_STRICT_OBJC_MSGSEND = YES;
				GCC_C_LANGUAGE_STANDARD = gnu99;
				GCC_DYNAMIC_NO_PIC = NO;
				GCC_OPTIMIZATION_LEVEL = 0;
				GCC_PREPROCESSOR_DEFINITIONS = (
					"DEBUG=1",
					"$(inherited)",
				);
				GCC_SYMBOLS_PRIVATE_EXTERN = NO;
				GCC_WARN_64_TO_32_BIT_CONVERSION = YES;
				GCC_WARN_ABOUT_RETURN_TYPE = YES_ERROR;
				GCC_WARN_UNDECLARED_SELECTOR = YES;
				GCC_WARN_UNINITIALIZED_AUTOS = YES_AGGRESSIVE;
				GCC_WARN_UNUSED_FUNCTION = YES;
				GCC_WARN_UNUSED_VARIABLE = YES;
				IPHONEOS_DEPLOYMENT_TARGET = 8.0;
				MTL_ENABLE_DEBUG_INFO = YES;
				ONLY_ACTIVE_ARCH = YES;
				SDKROOT = iphoneos;
				SWIFT_OPTIMIZATION_LEVEL = "-Onone";
			};
			name = Debug;
		};
		BC10231B19D1C13400C68F93 /* Release */ = {
			isa = XCBuildConfiguration;
			buildSettings = {
				ALWAYS_SEARCH_USER_PATHS = NO;
				CLANG_CXX_LANGUAGE_STANDARD = "gnu++0x";
				CLANG_CXX_LIBRARY = "libc++";
				CLANG_ENABLE_MODULES = YES;
				CLANG_ENABLE_OBJC_ARC = YES;
				CLANG_WARN_BOOL_CONVERSION = YES;
				CLANG_WARN_CONSTANT_CONVERSION = YES;
				CLANG_WARN_DIRECT_OBJC_ISA_USAGE = YES_ERROR;
				CLANG_WARN_EMPTY_BODY = YES;
				CLANG_WARN_ENUM_CONVERSION = YES;
				CLANG_WARN_INT_CONVERSION = YES;
				CLANG_WARN_OBJC_ROOT_CLASS = YES_ERROR;
				CLANG_WARN_UNREACHABLE_CODE = YES;
				CLANG_WARN__DUPLICATE_METHOD_MATCH = YES;
				"CODE_SIGN_IDENTITY[sdk=iphoneos*]" = "iPhone Developer";
				COPY_PHASE_STRIP = YES;
				ENABLE_NS_ASSERTIONS = NO;
				ENABLE_STRICT_OBJC_MSGSEND = YES;
				GCC_C_LANGUAGE_STANDARD = gnu99;
				GCC_WARN_64_TO_32_BIT_CONVERSION = YES;
				GCC_WARN_ABOUT_RETURN_TYPE = YES_ERROR;
				GCC_WARN_UNDECLARED_SELECTOR = YES;
				GCC_WARN_UNINITIALIZED_AUTOS = YES_AGGRESSIVE;
				GCC_WARN_UNUSED_FUNCTION = YES;
				GCC_WARN_UNUSED_VARIABLE = YES;
				IPHONEOS_DEPLOYMENT_TARGET = 8.0;
				MTL_ENABLE_DEBUG_INFO = NO;
				SDKROOT = iphoneos;
				VALIDATE_PRODUCT = YES;
			};
			name = Release;
		};
		BC10231D19D1C13400C68F93 /* Debug */ = {
			isa = XCBuildConfiguration;
			baseConfigurationReference = 6273296468415625D471ED4A /* Pods.debug.xcconfig */;
			buildSettings = {
				ASSETCATALOG_COMPILER_APPICON_NAME = AppIcon;
				CODE_SIGN_IDENTITY = "iPhone Developer";
				INFOPLIST_FILE = BBSOfRuby/Info.plist;
				IPHONEOS_DEPLOYMENT_TARGET = 7.0;
				LD_RUNPATH_SEARCH_PATHS = "$(inherited) @executable_path/Frameworks";
				PRODUCT_NAME = "$(TARGET_NAME)";
				PROVISIONING_PROFILE = "17294697-CC63-45D6-ADC5-25622656001B";
				SWIFT_OBJC_BRIDGING_HEADER = "BBSOfRuby/app-Bridging-headers.h";
			};
			name = Debug;
		};
		BC10231E19D1C13400C68F93 /* Release */ = {
			isa = XCBuildConfiguration;
			baseConfigurationReference = CF9D14193FF0032A2A04B6F0 /* Pods.release.xcconfig */;
			buildSettings = {
				ASSETCATALOG_COMPILER_APPICON_NAME = AppIcon;
				CODE_SIGN_IDENTITY = "iPhone Developer";
				INFOPLIST_FILE = BBSOfRuby/Info.plist;
				IPHONEOS_DEPLOYMENT_TARGET = 7.0;
				LD_RUNPATH_SEARCH_PATHS = "$(inherited) @executable_path/Frameworks";
				PRODUCT_NAME = "$(TARGET_NAME)";
				PROVISIONING_PROFILE = "17294697-CC63-45D6-ADC5-25622656001B";
				SWIFT_OBJC_BRIDGING_HEADER = "BBSOfRuby/app-Bridging-headers.h";
			};
			name = Release;
		};
/* End XCBuildConfiguration section */

/* Begin XCConfigurationList section */
		BC1022F819D1C13400C68F93 /* Build configuration list for PBXProject "BBSOfRuby" */ = {
			isa = XCConfigurationList;
			buildConfigurations = (
				BC10231A19D1C13400C68F93 /* Debug */,
				BC10231B19D1C13400C68F93 /* Release */,
			);
			defaultConfigurationIsVisible = 0;
			defaultConfigurationName = Release;
		};
		BC10231C19D1C13400C68F93 /* Build configuration list for PBXNativeTarget "BBSOfRuby" */ = {
			isa = XCConfigurationList;
			buildConfigurations = (
				BC10231D19D1C13400C68F93 /* Debug */,
				BC10231E19D1C13400C68F93 /* Release */,
			);
			defaultConfigurationIsVisible = 0;
			defaultConfigurationName = Release;
		};
/* End XCConfigurationList section */
	};
	rootObject = BC1022F519D1C13400C68F93 /* Project object */;
}
