// !$*UTF8*$!
{
	archiveVersion = 1;
	classes = {
	};
	objectVersion = 46;
	objects = {

/* Begin PBXBuildFile section */
		BC10230319D1C13400C68F93 /* AppDelegate.swift in Sources */ = {isa = PBXBuildFile; fileRef = BC10230219D1C13400C68F93 /* AppDelegate.swift */; };
		BC10230519D1C13400C68F93 /* ViewController.swift in Sources */ = {isa = PBXBuildFile; fileRef = BC10230419D1C13400C68F93 /* ViewController.swift */; };
		BC10230819D1C13400C68F93 /* Main.storyboard in Resources */ = {isa = PBXBuildFile; fileRef = BC10230619D1C13400C68F93 /* Main.storyboard */; };
		BC10230A19D1C13400C68F93 /* Images.xcassets in Resources */ = {isa = PBXBuildFile; fileRef = BC10230919D1C13400C68F93 /* Images.xcassets */; };
		BC10230D19D1C13400C68F93 /* LaunchScreen.xib in Resources */ = {isa = PBXBuildFile; fileRef = BC10230B19D1C13400C68F93 /* LaunchScreen.xib */; };
		BC10231919D1C13400C68F93 /* BBSOfRubyTests.swift in Sources */ = {isa = PBXBuildFile; fileRef = BC10231819D1C13400C68F93 /* BBSOfRubyTests.swift */; };
		BC10232519D1D13800C68F93 /* Default-568h@2x.png in Resources */ = {isa = PBXBuildFile; fileRef = BC10232419D1D13800C68F93 /* Default-568h@2x.png */; };
/* End PBXBuildFile section */

/* Begin PBXContainerItemProxy section */
		BC10231319D1C13400C68F93 /* PBXContainerItemProxy */ = {
			isa = PBXContainerItemProxy;
			containerPortal = BC1022F519D1C13400C68F93 /* Project object */;
			proxyType = 1;
			remoteGlobalIDString = BC1022FC19D1C13400C68F93;
			remoteInfo = BBSOfRuby;
		};
/* End PBXContainerItemProxy section */

/* Begin PBXFileReference section */
		BC1022FD19D1C13400C68F93 /* BBSOfRuby.app */ = {isa = PBXFileReference; explicitFileType = wrapper.application; includeInIndex = 0; path = BBSOfRuby.app; sourceTree = BUILT_PRODUCTS_DIR; };
		BC10230119D1C13400C68F93 /* Info.plist */ = {isa = PBXFileReference; lastKnownFileType = text.plist.xml; path = Info.plist; sourceTree = "<group>"; };
		BC10230219D1C13400C68F93 /* AppDelegate.swift */ = {isa = PBXFileReference; lastKnownFileType = sourcecode.swift; path = AppDelegate.swift; sourceTree = "<group>"; };
		BC10230419D1C13400C68F93 /* ViewController.swift */ = {isa = PBXFileReference; lastKnownFileType = sourcecode.swift; path = ViewController.swift; sourceTree = "<group>"; };
		BC10230719D1C13400C68F93 /* Base */ = {isa = PBXFileReference; lastKnownFileType = file.storyboard; name = Base; path = Base.lproj/Main.storyboard; sourceTree = "<group>"; };
		BC10230919D1C13400C68F93 /* Images.xcassets */ = {isa = PBXFileReference; lastKnownFileType = folder.assetcatalog; path = Images.xcassets; sourceTree = "<group>"; };
		BC10230C19D1C13400C68F93 /* Base */ = {isa = PBXFileReference; lastKnownFileType = file.xib; name = Base; path = Base.lproj/LaunchScreen.xib; sourceTree = "<group>"; };
		BC10231219D1C13400C68F93 /* BBSOfRubyTests.xctest */ = {isa = PBXFileReference; explicitFileType = wrapper.cfbundle; includeInIndex = 0; path = BBSOfRubyTests.xctest; sourceTree = BUILT_PRODUCTS_DIR; };
		BC10231719D1C13400C68F93 /* Info.plist */ = {isa = PBXFileReference; lastKnownFileType = text.plist.xml; path = Info.plist; sourceTree = "<group>"; };
		BC10231819D1C13400C68F93 /* BBSOfRubyTests.swift */ = {isa = PBXFileReference; lastKnownFileType = sourcecode.swift; path = BBSOfRubyTests.swift; sourceTree = "<group>"; };
		BC10232419D1D13800C68F93 /* Default-568h@2x.png */ = {isa = PBXFileReference; lastKnownFileType = image.png; path = "Default-568h@2x.png"; sourceTree = "<group>"; };
/* End PBXFileReference section */

/* Begin PBXFrameworksBuildPhase section */
		BC1022FA19D1C13400C68F93 /* Frameworks */ = {
			isa = PBXFrameworksBuildPhase;
			buildActionMask = 2147483647;
			files = (
			);
			runOnlyForDeploymentPostprocessing = 0;
		};
		BC10230F19D1C13400C68F93 /* Frameworks */ = {
			isa = PBXFrameworksBuildPhase;
			buildActionMask = 2147483647;
			files = (
			);
			runOnlyForDeploymentPostprocessing = 0;
		};
/* End PBXFrameworksBuildPhase section */

/* Begin PBXGroup section */
		BC1022F419D1C13400C68F93 = {
			isa = PBXGroup;
			children = (
				BC1022FF19D1C13400C68F93 /* BBSOfRuby */,
				BC10231519D1C13400C68F93 /* BBSOfRubyTests */,
				BC1022FE19D1C13400C68F93 /* Products */,
			);
			sourceTree = "<group>";
		};
		BC1022FE19D1C13400C68F93 /* Products */ = {
			isa = PBXGroup;
			children = (
				BC1022FD19D1C13400C68F93 /* BBSOfRuby.app */,
				BC10231219D1C13400C68F93 /* BBSOfRubyTests.xctest */,
			);
			name = Products;
			sourceTree = "<group>";
		};
		BC1022FF19D1C13400C68F93 /* BBSOfRuby */ = {
			isa = PBXGroup;
			children = (
				BC10232419D1D13800C68F93 /* Default-568h@2x.png */,
				BC10230219D1C13400C68F93 /* AppDelegate.swift */,
				BC10230419D1C13400C68F93 /* ViewController.swift */,
				BC10230619D1C13400C68F93 /* Main.storyboard */,
				BC10230919D1C13400C68F93 /* Images.xcassets */,
				BC10230B19D1C13400C68F93 /* LaunchScreen.xib */,
				BC10230019D1C13400C68F93 /* Supporting Files */,
			);
			path = BBSOfRuby;
			sourceTree = "<group>";
		};
		BC10230019D1C13400C68F93 /* Supporting Files */ = {
			isa = PBXGroup;
			children = (
				BC10230119D1C13400C68F93 /* Info.plist */,
			);
			name = "Supporting Files";
			sourceTree = "<group>";
		};
		BC10231519D1C13400C68F93 /* BBSOfRubyTests */ = {
			isa = PBXGroup;
			children = (
				BC10231819D1C13400C68F93 /* BBSOfRubyTests.swift */,
				BC10231619D1C13400C68F93 /* Supporting Files */,
			);
			path = BBSOfRubyTests;
			sourceTree = "<group>";
		};
		BC10231619D1C13400C68F93 /* Supporting Files */ = {
			isa = PBXGroup;
			children = (
				BC10231719D1C13400C68F93 /* Info.plist */,
			);
			name = "Supporting Files";
			sourceTree = "<group>";
		};
/* End PBXGroup section */

/* Begin PBXNativeTarget section */
		BC1022FC19D1C13400C68F93 /* BBSOfRuby */ = {
			isa = PBXNativeTarget;
			buildConfigurationList = BC10231C19D1C13400C68F93 /* Build configuration list for PBXNativeTarget "BBSOfRuby" */;
			buildPhases = (
				BC1022F919D1C13400C68F93 /* Sources */,
				BC1022FA19D1C13400C68F93 /* Frameworks */,
				BC1022FB19D1C13400C68F93 /* Resources */,
			);
			buildRules = (
			);
			dependencies = (
			);
			name = BBSOfRuby;
			productName = BBSOfRuby;
			productReference = BC1022FD19D1C13400C68F93 /* BBSOfRuby.app */;
			productType = "com.apple.product-type.application";
		};
		BC10231119D1C13400C68F93 /* BBSOfRubyTests */ = {
			isa = PBXNativeTarget;
			buildConfigurationList = BC10231F19D1C13400C68F93 /* Build configuration list for PBXNativeTarget "BBSOfRubyTests" */;
			buildPhases = (
				BC10230E19D1C13400C68F93 /* Sources */,
				BC10230F19D1C13400C68F93 /* Frameworks */,
				BC10231019D1C13400C68F93 /* Resources */,
			);
			buildRules = (
			);
			dependencies = (
				BC10231419D1C13400C68F93 /* PBXTargetDependency */,
			);
			name = BBSOfRubyTests;
			productName = BBSOfRubyTests;
			productReference = BC10231219D1C13400C68F93 /* BBSOfRubyTests.xctest */;
			productType = "com.apple.product-type.bundle.unit-test";
		};
/* End PBXNativeTarget section */

/* Begin PBXProject section */
		BC1022F519D1C13400C68F93 /* Project object */ = {
			isa = PBXProject;
			attributes = {
				LastUpgradeCheck = 0600;
				ORGANIZATIONNAME = gxw;
				TargetAttributes = {
					BC1022FC19D1C13400C68F93 = {
						CreatedOnToolsVersion = 6.0;
						DevelopmentTeam = 5A5VHB7889;
					};
					BC10231119D1C13400C68F93 = {
						CreatedOnToolsVersion = 6.0;
						TestTargetID = BC1022FC19D1C13400C68F93;
					};
				};
			};
			buildConfigurationList = BC1022F819D1C13400C68F93 /* Build configuration list for PBXProject "BBSOfRuby" */;
			compatibilityVersion = "Xcode 3.2";
			developmentRegion = English;
			hasScannedForEncodings = 0;
			knownRegions = (
				en,
				Base,
			);
			mainGroup = BC1022F419D1C13400C68F93;
			productRefGroup = BC1022FE19D1C13400C68F93 /* Products */;
			projectDirPath = "";
			projectRoot = "";
			targets = (
				BC1022FC19D1C13400C68F93 /* BBSOfRuby */,
				BC10231119D1C13400C68F93 /* BBSOfRubyTests */,
			);
		};
/* End PBXProject section */

/* Begin PBXResourcesBuildPhase section */
		BC1022FB19D1C13400C68F93 /* Resources */ = {
			isa = PBXResourcesBuildPhase;
			buildActionMask = 2147483647;
			files = (
				BC10232519D1D13800C68F93 /* Default-568h@2x.png in Resources */,
				BC10230819D1C13400C68F93 /* Main.storyboard in Resources */,
				BC10230D19D1C13400C68F93 /* LaunchScreen.xib in Resources */,
				BC10230A19D1C13400C68F93 /* Images.xcassets in Resources */,
			);
			runOnlyForDeploymentPostprocessing = 0;
		};
		BC10231019D1C13400C68F93 /* Resources */ = {
			isa = PBXResourcesBuildPhase;
			buildActionMask = 2147483647;
			files = (
			);
			runOnlyForDeploymentPostprocessing = 0;
		};
/* End PBXResourcesBuildPhase section */

/* Begin PBXSourcesBuildPhase section */
		BC1022F919D1C13400C68F93 /* Sources */ = {
			isa = PBXSourcesBuildPhase;
			buildActionMask = 2147483647;
			files = (
				BC10230519D1C13400C68F93 /* ViewController.swift in Sources */,
				BC10230319D1C13400C68F93 /* AppDelegate.swift in Sources */,
			);
			runOnlyForDeploymentPostprocessing = 0;
		};
		BC10230E19D1C13400C68F93 /* Sources */ = {
			isa = PBXSourcesBuildPhase;
			buildActionMask = 2147483647;
			files = (
				BC10231919D1C13400C68F93 /* BBSOfRubyTests.swift in Sources */,
			);
			runOnlyForDeploymentPostprocessing = 0;
		};
/* End PBXSourcesBuildPhase section */

/* Begin PBXTargetDependency section */
		BC10231419D1C13400C68F93 /* PBXTargetDependency */ = {
			isa = PBXTargetDependency;
			target = BC1022FC19D1C13400C68F93 /* BBSOfRuby */;
			targetProxy = BC10231319D1C13400C68F93 /* PBXContainerItemProxy */;
		};
/* End PBXTargetDependency section */

/* Begin PBXVariantGroup section */
		BC10230619D1C13400C68F93 /* Main.storyboard */ = {
			isa = PBXVariantGroup;
			children = (
				BC10230719D1C13400C68F93 /* Base */,
			);
			name = Main.storyboard;
			sourceTree = "<group>";
		};
		BC10230B19D1C13400C68F93 /* LaunchScreen.xib */ = {
			isa = PBXVariantGroup;
			children = (
				BC10230C19D1C13400C68F93 /* Base */,
			);
			name = LaunchScreen.xib;
			sourceTree = "<group>";
		};
/* End PBXVariantGroup section */

/* Begin XCBuildConfiguration section */
		BC10231A19D1C13400C68F93 /* Debug */ = {
			isa = XCBuildConfiguration;
			buildSettings = {
				ALWAYS_SEARCH_USER_PATHS = NO;
				CLANG_CXX_LANGUAGE_STANDARD = "gnu++0x";
				CLANG_CXX_LIBRARY = "libc++";
				CLANG_ENABLE_MODULES = YES;
				CLANG_ENABLE_OBJC_ARC = YES;
				CLANG_WARN_BOOL_CONVERSION = YES;
				CLANG_WARN_CONSTANT_CONVERSION = YES;
				CLANG_WARN_DIRECT_OBJC_ISA_USAGE = YES_ERROR;
				CLANG_WARN_EMPTY_BODY = YES;
				CLANG_WARN_ENUM_CONVERSION = YES;
				CLANG_WARN_INT_CONVERSION = YES;
				CLANG_WARN_OBJC_ROOT_CLASS = YES_ERROR;
				CLANG_WARN_UNREACHABLE_CODE = YES;
				CLANG_WARN__DUPLICATE_METHOD_MATCH = YES;
				"CODE_SIGN_IDENTITY[sdk=iphoneos*]" = "iPhone Developer";
				COPY_PHASE_STRIP = NO;
				ENABLE_STRICT_OBJC_MSGSEND = YES;
				GCC_C_LANGUAGE_STANDARD = gnu99;
				GCC_DYNAMIC_NO_PIC = NO;
				GCC_OPTIMIZATION_LEVEL = 0;
				GCC_PREPROCESSOR_DEFINITIONS = (
					"DEBUG=1",
					"$(inherited)",
				);
				GCC_SYMBOLS_PRIVATE_EXTERN = NO;
				GCC_WARN_64_TO_32_BIT_CONVERSION = YES;
				GCC_WARN_ABOUT_RETURN_TYPE = YES_ERROR;
				GCC_WARN_UNDECLARED_SELECTOR = YES;
				GCC_WARN_UNINITIALIZED_AUTOS = YES_AGGRESSIVE;
				GCC_WARN_UNUSED_FUNCTION = YES;
				GCC_WARN_UNUSED_VARIABLE = YES;
				IPHONEOS_DEPLOYMENT_TARGET = 8.0;
				MTL_ENABLE_DEBUG_INFO = YES;
				ONLY_ACTIVE_ARCH = YES;
				SDKROOT = iphoneos;
				SWIFT_OPTIMIZATION_LEVEL = "-Onone";
			};
			name = Debug;
		};
		BC10231B19D1C13400C68F93 /* Release */ = {
			isa = XCBuildConfiguration;
			buildSettings = {
				ALWAYS_SEARCH_USER_PATHS = NO;
				CLANG_CXX_LANGUAGE_STANDARD = "gnu++0x";
				CLANG_CXX_LIBRARY = "libc++";
				CLANG_ENABLE_MODULES = YES;
				CLANG_ENABLE_OBJC_ARC = YES;
				CLANG_WARN_BOOL_CONVERSION = YES;
				CLANG_WARN_CONSTANT_CONVERSION = YES;
				CLANG_WARN_DIRECT_OBJC_ISA_USAGE = YES_ERROR;
				CLANG_WARN_EMPTY_BODY = YES;
				CLANG_WARN_ENUM_CONVERSION = YES;
				CLANG_WARN_INT_CONVERSION = YES;
				CLANG_WARN_OBJC_ROOT_CLASS = YES_ERROR;
				CLANG_WARN_UNREACHABLE_CODE = YES;
				CLANG_WARN__DUPLICATE_METHOD_MATCH = YES;
				"CODE_SIGN_IDENTITY[sdk=iphoneos*]" = "iPhone Developer";
				COPY_PHASE_STRIP = YES;
				ENABLE_NS_ASSERTIONS = NO;
				ENABLE_STRICT_OBJC_MSGSEND = YES;
				GCC_C_LANGUAGE_STANDARD = gnu99;
				GCC_WARN_64_TO_32_BIT_CONVERSION = YES;
				GCC_WARN_ABOUT_RETURN_TYPE = YES_ERROR;
				GCC_WARN_UNDECLARED_SELECTOR = YES;
				GCC_WARN_UNINITIALIZED_AUTOS = YES_AGGRESSIVE;
				GCC_WARN_UNUSED_FUNCTION = YES;
				GCC_WARN_UNUSED_VARIABLE = YES;
				IPHONEOS_DEPLOYMENT_TARGET = 8.0;
				MTL_ENABLE_DEBUG_INFO = NO;
				SDKROOT = iphoneos;
				VALIDATE_PRODUCT = YES;
			};
			name = Release;
		};
		BC10231D19D1C13400C68F93 /* Debug */ = {
			isa = XCBuildConfiguration;
			buildSettings = {
				ASSETCATALOG_COMPILER_APPICON_NAME = AppIcon;
				CODE_SIGN_IDENTITY = "iPhone Developer";
				INFOPLIST_FILE = BBSOfRuby/Info.plist;
				IPHONEOS_DEPLOYMENT_TARGET = 7.0;
				LD_RUNPATH_SEARCH_PATHS = "$(inherited) @executable_path/Frameworks";
				PRODUCT_NAME = "$(TARGET_NAME)";
			};
			name = Debug;
		};
		BC10231E19D1C13400C68F93 /* Release */ = {
			isa = XCBuildConfiguration;
			buildSettings = {
				ASSETCATALOG_COMPILER_APPICON_NAME = AppIcon;
				CODE_SIGN_IDENTITY = "iPhone Developer";
				INFOPLIST_FILE = BBSOfRuby/Info.plist;
				IPHONEOS_DEPLOYMENT_TARGET = 7.0;
				LD_RUNPATH_SEARCH_PATHS = "$(inherited) @executable_path/Frameworks";
				PRODUCT_NAME = "$(TARGET_NAME)";
			};
			name = Release;
		};
		BC10232019D1C13400C68F93 /* Debug */ = {
			isa = XCBuildConfiguration;
			buildSettings = {
				BUNDLE_LOADER = "$(TEST_HOST)";
				FRAMEWORK_SEARCH_PATHS = (
					"$(SDKROOT)/Developer/Library/Frameworks",
					"$(inherited)",
				);
				GCC_PREPROCESSOR_DEFINITIONS = (
					"DEBUG=1",
					"$(inherited)",
				);
				INFOPLIST_FILE = BBSOfRubyTests/Info.plist;
				LD_RUNPATH_SEARCH_PATHS = "$(inherited) @executable_path/Frameworks @loader_path/Frameworks";
				PRODUCT_NAME = "$(TARGET_NAME)";
				TEST_HOST = "$(BUILT_PRODUCTS_DIR)/BBSOfRuby.app/BBSOfRuby";
			};
			name = Debug;
		};
		BC10232119D1C13400C68F93 /* Release */ = {
			isa = XCBuildConfiguration;
			buildSettings = {
				BUNDLE_LOADER = "$(TEST_HOST)";
				FRAMEWORK_SEARCH_PATHS = (
					"$(SDKROOT)/Developer/Library/Frameworks",
					"$(inherited)",
				);
				INFOPLIST_FILE = BBSOfRubyTests/Info.plist;
				LD_RUNPATH_SEARCH_PATHS = "$(inherited) @executable_path/Frameworks @loader_path/Frameworks";
				PRODUCT_NAME = "$(TARGET_NAME)";
				TEST_HOST = "$(BUILT_PRODUCTS_DIR)/BBSOfRuby.app/BBSOfRuby";
			};
			name = Release;
		};
/* End XCBuildConfiguration section */

/* Begin XCConfigurationList section */
		BC1022F819D1C13400C68F93 /* Build configuration list for PBXProject "BBSOfRuby" */ = {
			isa = XCConfigurationList;
			buildConfigurations = (
				BC10231A19D1C13400C68F93 /* Debug */,
				BC10231B19D1C13400C68F93 /* Release */,
			);
			defaultConfigurationIsVisible = 0;
			defaultConfigurationName = Release;
		};
		BC10231C19D1C13400C68F93 /* Build configuration list for PBXNativeTarget "BBSOfRuby" */ = {
			isa = XCConfigurationList;
			buildConfigurations = (
				BC10231D19D1C13400C68F93 /* Debug */,
				BC10231E19D1C13400C68F93 /* Release */,
			);
			defaultConfigurationIsVisible = 0;
			defaultConfigurationName = Release;
		};
		BC10231F19D1C13400C68F93 /* Build configuration list for PBXNativeTarget "BBSOfRubyTests" */ = {
			isa = XCConfigurationList;
			buildConfigurations = (
				BC10232019D1C13400C68F93 /* Debug */,
				BC10232119D1C13400C68F93 /* Release */,
			);
			defaultConfigurationIsVisible = 0;
			defaultConfigurationName = Release;
		};
/* End XCConfigurationList section */
	};
	rootObject = BC1022F519D1C13400C68F93 /* Project object */;
}
